
Microsoft Visual Studio Solution File, Format Version 12.00
# Visual Studio Version 16
VisualStudioVersion = 16.0.29001.49
MinimumVisualStudioVersion = 10.0.40219.1
Project("{FAE04EC0-301F-11D3-BF4B-00C04F79EFBC}") = "Calculator", "Calculator\Calculator.csproj", "{A73CB29D-0984-49B9-9683-BF811D313184}"
EndProject
Global
	GlobalSection(SolutionConfigurationPlatforms) = preSolution
		Debug|Any CPU = Debug|Any CPU
		Debug|x86 = Debug|x86
		Release|Any CPU = Release|Any CPU
		Release|x86 = Release|x86
	EndGlobalSection
	GlobalSection(ProjectConfigurationPlatforms) = postSolution
		{A73CB29D-0984-49B9-9683-BF811D313184}.Debug|Any CPU.ActiveCfg = Debug|Any CPU
		{A73CB29D-0984-49B9-9683-BF811D313184}.Debug|Any CPU.Build.0 = Debug|Any CPU
		{A73CB29D-0984-49B9-9683-BF811D313184}.Debug|x86.ActiveCfg = Debug|Any CPU
		{A73CB29D-0984-49B9-9683-BF811D313184}.Debug|x86.Build.0 = Debug|Any CPU
		{A73CB29D-0984-49B9-9683-BF811D313184}.Release|Any CPU.ActiveCfg = Release|Any CPU
		{A73CB29D-0984-49B9-9683-BF811D313184}.Release|Any CPU.Build.0 = Release|Any CPU
		{A73CB29D-0984-49B9-9683-BF811D313184}.Release|x86.ActiveCfg = Release|x86
		{A73CB29D-0984-49B9-9683-BF811D313184}.Release|x86.Build.0 = Release|x86
	EndGlobalSection
	GlobalSection(SolutionProperties) = preSolution
		HideSolutionNode = FALSE
	EndGlobalSection
	GlobalSection(ExtensibilityGlobals) = postSolution
		SolutionGuid = {4D32B11B-6B56-49C7-9CA8-AFFC04E87CDA}
	EndGlobalSection
EndGlobal
